// !$*UTF8*$!
{
	archiveVersion = 1;
	classes = {
	};
	objectVersion = 46;
	objects = {

/* Begin PBXBuildFile section */
		990180041B8619CF0083A923 /* VKCCredentialsStorage.m in Sources */ = {isa = PBXBuildFile; fileRef = 990180031B8619CF0083A923 /* VKCCredentialsStorage.m */; };
		990D1B011BAC0F8000A77949 /* VKCModelController.m in Sources */ = {isa = PBXBuildFile; fileRef = 990D1B001BAC0F8000A77949 /* VKCModelController.m */; };
		991602E71B9359970017DA1E /* UIImageView+ImageLoader.m in Sources */ = {isa = PBXBuildFile; fileRef = 991602E61B9359970017DA1E /* UIImageView+ImageLoader.m */; };
		991A885A1B80862300383566 /* VKCWebViewController.m in Sources */ = {isa = PBXBuildFile; fileRef = 991A88591B80862300383566 /* VKCWebViewController.m */; };
		991E0E761B8255F40047CC89 /* Localizable.strings in Resources */ = {isa = PBXBuildFile; fileRef = 991E0E751B8255F40047CC89 /* Localizable.strings */; };
		9935ECE71BADA724001997C4 /* VKCFriendCell.m in Sources */ = {isa = PBXBuildFile; fileRef = 9935ECE61BADA724001997C4 /* VKCFriendCell.m */; };
		9935ECEA1BADACDB001997C4 /* VKCOnlineFriendsTableViewController.m in Sources */ = {isa = PBXBuildFile; fileRef = 9935ECE91BADACDB001997C4 /* VKCOnlineFriendsTableViewController.m */; };
		9935ECED1BADE383001997C4 /* UIColor+Extensions.m in Sources */ = {isa = PBXBuildFile; fileRef = 9935ECEC1BADE383001997C4 /* UIColor+Extensions.m */; };
		99572BE51B8C4A7800245156 /* VKCAsyncTask.m in Sources */ = {isa = PBXBuildFile; fileRef = 99572BE41B8C4A7800245156 /* VKCAsyncTask.m */; };
		9958CEB11B8F54E000B34AA6 /* VKCArrayMapper.m in Sources */ = {isa = PBXBuildFile; fileRef = 9958CEB01B8F54E000B34AA6 /* VKCArrayMapper.m */; };
		996966651B88EAD80092BCEA /* VKCFriendsTableViewController.m in Sources */ = {isa = PBXBuildFile; fileRef = 996966641B88EAD80092BCEA /* VKCFriendsTableViewController.m */; };
		997514F41B904B7F001F8078 /* VKCMapperItem.m in Sources */ = {isa = PBXBuildFile; fileRef = 997514F31B904B7F001F8078 /* VKCMapperItem.m */; };
		997514F81B90544F001F8078 /* VKCJSONConstants.m in Sources */ = {isa = PBXBuildFile; fileRef = 997514F71B90544F001F8078 /* VKCJSONConstants.m */; };
		997514FD1B9058F6001F8078 /* VKCVKArrayWrapMapper.m in Sources */ = {isa = PBXBuildFile; fileRef = 997514FC1B9058F6001F8078 /* VKCVKArrayWrapMapper.m */; };
		997515001B9059FC001F8078 /* VKCVKArrayWrap.m in Sources */ = {isa = PBXBuildFile; fileRef = 997514FF1B9059FC001F8078 /* VKCVKArrayWrap.m */; };
		997515041B906202001F8078 /* VKCJSONSerializationUtil.m in Sources */ = {isa = PBXBuildFile; fileRef = 997515031B906202001F8078 /* VKCJSONSerializationUtil.m */; };
		998249011B7DD82D00131A26 /* ViewController.m in Sources */ = {isa = PBXBuildFile; fileRef = 998249001B7DD82D00131A26 /* ViewController.m */; };
		998249051B7DE99A00131A26 /* VKCPolygon.m in Sources */ = {isa = PBXBuildFile; fileRef = 998249041B7DE99A00131A26 /* VKCPolygon.m */; };
		998249081B7DF66A00131A26 /* VKCCity.m in Sources */ = {isa = PBXBuildFile; fileRef = 998249071B7DF66A00131A26 /* VKCCity.m */; };
		999182A91B8F90C100DE3FC0 /* VKCUserMapper.m in Sources */ = {isa = PBXBuildFile; fileRef = 999182A81B8F90C100DE3FC0 /* VKCUserMapper.m */; };
		9995DA7B1BAAD4FF00C1726F /* VkClientManagedObjectModel.xcdatamodeld in Sources */ = {isa = PBXBuildFile; fileRef = 9995DA791BAAD4FF00C1726F /* VkClientManagedObjectModel.xcdatamodeld */; };
		9995DA801BAAF70200C1726F /* VKCCoreDataController.m in Sources */ = {isa = PBXBuildFile; fileRef = 9995DA7F1BAAF70200C1726F /* VKCCoreDataController.m */; };
		999A58BB1B8EEEC000FC16B6 /* VKCMessage.m in Sources */ = {isa = PBXBuildFile; fileRef = 999A58BA1B8EEEC000FC16B6 /* VKCMessage.m */; };
		999DE1121B7E30BD00FF3912 /* VKCApi.m in Sources */ = {isa = PBXBuildFile; fileRef = 999DE1111B7E30BD00FF3912 /* VKCApi.m */; };
		999DE1191B7E5D7600FF3912 /* NSString+StringAdditions.m in Sources */ = {isa = PBXBuildFile; fileRef = 999DE1181B7E5D7600FF3912 /* NSString+StringAdditions.m */; };
		99C1EDB81B91BDC500D6AE5C /* VKCVKBatchMapper.m in Sources */ = {isa = PBXBuildFile; fileRef = 99C1EDB71B91BDC500D6AE5C /* VKCVKBatchMapper.m */; };
		99E53CCD1B7CD4F3007F1231 /* main.m in Sources */ = {isa = PBXBuildFile; fileRef = 99E53CCC1B7CD4F3007F1231 /* main.m */; };
		99E53CD01B7CD4F3007F1231 /* VKCAppDelegate.m in Sources */ = {isa = PBXBuildFile; fileRef = 99E53CCF1B7CD4F3007F1231 /* VKCAppDelegate.m */; };
		99E53CD91B7CD4F3007F1231 /* Main.storyboard in Resources */ = {isa = PBXBuildFile; fileRef = 99E53CD71B7CD4F3007F1231 /* Main.storyboard */; };
		99E53CDB1B7CD4F3007F1231 /* Images.xcassets in Resources */ = {isa = PBXBuildFile; fileRef = 99E53CDA1B7CD4F3007F1231 /* Images.xcassets */; };
		99E53CDE1B7CD4F3007F1231 /* LaunchScreen.xib in Resources */ = {isa = PBXBuildFile; fileRef = 99E53CDC1B7CD4F3007F1231 /* LaunchScreen.xib */; };
		99E53CEA1B7CD4F3007F1231 /* VkClientTests.m in Sources */ = {isa = PBXBuildFile; fileRef = 99E53CE91B7CD4F3007F1231 /* VkClientTests.m */; };
		99EF12F51B90CD3200FDFE9C /* VKCVKResponse.m in Sources */ = {isa = PBXBuildFile; fileRef = 99EF12F41B90CD3200FDFE9C /* VKCVKResponse.m */; };
		99EF12F81B90CE2800FDFE9C /* VKCVKResponseMapper.m in Sources */ = {isa = PBXBuildFile; fileRef = 99EF12F71B90CE2800FDFE9C /* VKCVKResponseMapper.m */; };
		99F873A91B89B6EB00BCD1A1 /* VKCNetworkSource.m in Sources */ = {isa = PBXBuildFile; fileRef = 99F873A81B89B6EB00BCD1A1 /* VKCNetworkSource.m */; };
		99F873B01B89D0C600BCD1A1 /* VKCFriendsProcessor.m in Sources */ = {isa = PBXBuildFile; fileRef = 99F873AF1B89D0C600BCD1A1 /* VKCFriendsProcessor.m */; };
		99F873B31B89D29400BCD1A1 /* VKCUser.m in Sources */ = {isa = PBXBuildFile; fileRef = 99F873B21B89D29400BCD1A1 /* VKCUser.m */; };
		99F93A471B8F3E0900521F0F /* VKCObjectMapper.m in Sources */ = {isa = PBXBuildFile; fileRef = 99F93A461B8F3E0900521F0F /* VKCObjectMapper.m */; };
		99FF42861B9097C2006CBD62 /* VKCCredentials.m in Sources */ = {isa = PBXBuildFile; fileRef = 99FF42851B9097C2006CBD62 /* VKCCredentials.m */; };
		99FF42891B909B27006CBD62 /* VKCCredentialsUtil.m in Sources */ = {isa = PBXBuildFile; fileRef = 99FF42881B909B27006CBD62 /* VKCCredentialsUtil.m */; };
/* End PBXBuildFile section */

/* Begin PBXContainerItemProxy section */
		99E53CE41B7CD4F3007F1231 /* PBXContainerItemProxy */ = {
			isa = PBXContainerItemProxy;
			containerPortal = 99E53CBF1B7CD4F3007F1231 /* Project object */;
			proxyType = 1;
			remoteGlobalIDString = 99E53CC61B7CD4F3007F1231;
			remoteInfo = VkClient;
		};
/* End PBXContainerItemProxy section */

/* Begin PBXFileReference section */
		990180021B8619CF0083A923 /* VKCCredentialsStorage.h */ = {isa = PBXFileReference; fileEncoding = 4; lastKnownFileType = sourcecode.c.h; name = VKCCredentialsStorage.h; path = Api/VKCCredentialsStorage.h; sourceTree = "<group>"; };
		990180031B8619CF0083A923 /* VKCCredentialsStorage.m */ = {isa = PBXFileReference; fileEncoding = 4; lastKnownFileType = sourcecode.c.objc; name = VKCCredentialsStorage.m; path = Api/VKCCredentialsStorage.m; sourceTree = "<group>"; };
		990D1AFF1BAC0F8000A77949 /* VKCModelController.h */ = {isa = PBXFileReference; fileEncoding = 4; lastKnownFileType = sourcecode.c.h; path = VKCModelController.h; sourceTree = "<group>"; };
		990D1B001BAC0F8000A77949 /* VKCModelController.m */ = {isa = PBXFileReference; fileEncoding = 4; lastKnownFileType = sourcecode.c.objc; path = VKCModelController.m; sourceTree = "<group>"; };
		991602E51B9359970017DA1E /* UIImageView+ImageLoader.h */ = {isa = PBXFileReference; fileEncoding = 4; lastKnownFileType = sourcecode.c.h; path = "UIImageView+ImageLoader.h"; sourceTree = "<group>"; };
		991602E61B9359970017DA1E /* UIImageView+ImageLoader.m */ = {isa = PBXFileReference; fileEncoding = 4; lastKnownFileType = sourcecode.c.objc; path = "UIImageView+ImageLoader.m"; sourceTree = "<group>"; };
		991A88581B80862300383566 /* VKCWebViewController.h */ = {isa = PBXFileReference; fileEncoding = 4; lastKnownFileType = sourcecode.c.h; name = VKCWebViewController.h; path = Controller/VKCWebViewController.h; sourceTree = "<group>"; };
		991A88591B80862300383566 /* VKCWebViewController.m */ = {isa = PBXFileReference; fileEncoding = 4; lastKnownFileType = sourcecode.c.objc; name = VKCWebViewController.m; path = Controller/VKCWebViewController.m; sourceTree = "<group>"; };
		991E0E751B8255F40047CC89 /* Localizable.strings */ = {isa = PBXFileReference; fileEncoding = 4; lastKnownFileType = text.plist.strings; name = Localizable.strings; path = Resource/Localizable.strings; sourceTree = "<group>"; };
		9920ABB71B7FC57200A5A5EA /* VKCBlocks.h */ = {isa = PBXFileReference; fileEncoding = 4; lastKnownFileType = sourcecode.c.h; name = VKCBlocks.h; path = Common/VKCBlocks.h; sourceTree = "<group>"; };
		9935ECE51BADA724001997C4 /* VKCFriendCell.h */ = {isa = PBXFileReference; fileEncoding = 4; lastKnownFileType = sourcecode.c.h; name = VKCFriendCell.h; path = Controller/Cell/VKCFriendCell.h; sourceTree = "<group>"; };
		9935ECE61BADA724001997C4 /* VKCFriendCell.m */ = {isa = PBXFileReference; fileEncoding = 4; lastKnownFileType = sourcecode.c.objc; name = VKCFriendCell.m; path = Controller/Cell/VKCFriendCell.m; sourceTree = "<group>"; };
		9935ECE81BADACDB001997C4 /* VKCOnlineFriendsTableViewController.h */ = {isa = PBXFileReference; fileEncoding = 4; lastKnownFileType = sourcecode.c.h; name = VKCOnlineFriendsTableViewController.h; path = Controller/VKCOnlineFriendsTableViewController.h; sourceTree = "<group>"; };
		9935ECE91BADACDB001997C4 /* VKCOnlineFriendsTableViewController.m */ = {isa = PBXFileReference; fileEncoding = 4; lastKnownFileType = sourcecode.c.objc; name = VKCOnlineFriendsTableViewController.m; path = Controller/VKCOnlineFriendsTableViewController.m; sourceTree = "<group>"; };
		9935ECEB1BADE383001997C4 /* UIColor+Extensions.h */ = {isa = PBXFileReference; fileEncoding = 4; lastKnownFileType = sourcecode.c.h; path = "UIColor+Extensions.h"; sourceTree = "<group>"; };
		9935ECEC1BADE383001997C4 /* UIColor+Extensions.m */ = {isa = PBXFileReference; fileEncoding = 4; lastKnownFileType = sourcecode.c.objc; path = "UIColor+Extensions.m"; sourceTree = "<group>"; };
		99572BE31B8C4A7800245156 /* VKCAsyncTask.h */ = {isa = PBXFileReference; fileEncoding = 4; lastKnownFileType = sourcecode.c.h; name = VKCAsyncTask.h; path = Common/Data/VKCAsyncTask.h; sourceTree = "<group>"; };
		99572BE41B8C4A7800245156 /* VKCAsyncTask.m */ = {isa = PBXFileReference; fileEncoding = 4; lastKnownFileType = sourcecode.c.objc; name = VKCAsyncTask.m; path = Common/Data/VKCAsyncTask.m; sourceTree = "<group>"; };
		99572BE91B8C4BD700245156 /* VKCCallback.h */ = {isa = PBXFileReference; fileEncoding = 4; lastKnownFileType = sourcecode.c.h; name = VKCCallback.h; path = Common/Data/VKCCallback.h; sourceTree = "<group>"; };
		9958CEAF1B8F54E000B34AA6 /* VKCArrayMapper.h */ = {isa = PBXFileReference; fileEncoding = 4; lastKnownFileType = sourcecode.c.h; path = VKCArrayMapper.h; sourceTree = "<group>"; };
		9958CEB01B8F54E000B34AA6 /* VKCArrayMapper.m */ = {isa = PBXFileReference; fileEncoding = 4; lastKnownFileType = sourcecode.c.objc; path = VKCArrayMapper.m; sourceTree = "<group>"; };
		9968C3EE1B7F7456004CF095 /* VKCIdentifiable.h */ = {isa = PBXFileReference; fileEncoding = 4; lastKnownFileType = sourcecode.c.h; name = VKCIdentifiable.h; path = Common/VKCIdentifiable.h; sourceTree = "<group>"; };
		996966631B88EAD80092BCEA /* VKCFriendsTableViewController.h */ = {isa = PBXFileReference; fileEncoding = 4; lastKnownFileType = sourcecode.c.h; name = VKCFriendsTableViewController.h; path = Controller/VKCFriendsTableViewController.h; sourceTree = "<group>"; };
		996966641B88EAD80092BCEA /* VKCFriendsTableViewController.m */ = {isa = PBXFileReference; fileEncoding = 4; lastKnownFileType = sourcecode.c.objc; name = VKCFriendsTableViewController.m; path = Controller/VKCFriendsTableViewController.m; sourceTree = "<group>"; };
		996966691B88FABB0092BCEA /* VKCWebKitMissingBase.h */ = {isa = PBXFileReference; fileEncoding = 4; lastKnownFileType = sourcecode.c.h; name = VKCWebKitMissingBase.h; path = Common/VKCWebKitMissingBase.h; sourceTree = "<group>"; };
		997514F21B904B7F001F8078 /* VKCMapperItem.h */ = {isa = PBXFileReference; fileEncoding = 4; lastKnownFileType = sourcecode.c.h; path = VKCMapperItem.h; sourceTree = "<group>"; };
		997514F31B904B7F001F8078 /* VKCMapperItem.m */ = {isa = PBXFileReference; fileEncoding = 4; lastKnownFileType = sourcecode.c.objc; path = VKCMapperItem.m; sourceTree = "<group>"; };
		997514F61B90544F001F8078 /* VKCJSONConstants.h */ = {isa = PBXFileReference; fileEncoding = 4; lastKnownFileType = sourcecode.c.h; name = VKCJSONConstants.h; path = Api/VKCJSONConstants.h; sourceTree = "<group>"; };
		997514F71B90544F001F8078 /* VKCJSONConstants.m */ = {isa = PBXFileReference; fileEncoding = 4; lastKnownFileType = sourcecode.c.objc; name = VKCJSONConstants.m; path = Api/VKCJSONConstants.m; sourceTree = "<group>"; };
		997514FB1B9058F6001F8078 /* VKCVKArrayWrapMapper.h */ = {isa = PBXFileReference; fileEncoding = 4; lastKnownFileType = sourcecode.c.h; name = VKCVKArrayWrapMapper.h; path = ../Mapper/VkIntermediateMapper/VKCVKArrayWrapMapper.h; sourceTree = "<group>"; };
		997514FC1B9058F6001F8078 /* VKCVKArrayWrapMapper.m */ = {isa = PBXFileReference; fileEncoding = 4; lastKnownFileType = sourcecode.c.objc; name = VKCVKArrayWrapMapper.m; path = ../Mapper/VkIntermediateMapper/VKCVKArrayWrapMapper.m; sourceTree = "<group>"; };
		997514FE1B9059FC001F8078 /* VKCVKArrayWrap.h */ = {isa = PBXFileReference; fileEncoding = 4; lastKnownFileType = sourcecode.c.h; path = VKCVKArrayWrap.h; sourceTree = "<group>"; };
		997514FF1B9059FC001F8078 /* VKCVKArrayWrap.m */ = {isa = PBXFileReference; fileEncoding = 4; lastKnownFileType = sourcecode.c.objc; path = VKCVKArrayWrap.m; sourceTree = "<group>"; };
		997515021B906202001F8078 /* VKCJSONSerializationUtil.h */ = {isa = PBXFileReference; fileEncoding = 4; lastKnownFileType = sourcecode.c.h; name = VKCJSONSerializationUtil.h; path = Util/VKCJSONSerializationUtil.h; sourceTree = "<group>"; };
		997515031B906202001F8078 /* VKCJSONSerializationUtil.m */ = {isa = PBXFileReference; fileEncoding = 4; lastKnownFileType = sourcecode.c.objc; name = VKCJSONSerializationUtil.m; path = Util/VKCJSONSerializationUtil.m; sourceTree = "<group>"; };
		997515081B90676F001F8078 /* VKCSingleton.h */ = {isa = PBXFileReference; fileEncoding = 4; lastKnownFileType = sourcecode.c.h; name = VKCSingleton.h; path = Common/VKCSingleton.h; sourceTree = "<group>"; };
		998248FF1B7DD82D00131A26 /* ViewController.h */ = {isa = PBXFileReference; fileEncoding = 4; lastKnownFileType = sourcecode.c.h; name = ViewController.h; path = Controller/ViewController.h; sourceTree = "<group>"; };
		998249001B7DD82D00131A26 /* ViewController.m */ = {isa = PBXFileReference; fileEncoding = 4; lastKnownFileType = sourcecode.c.objc; name = ViewController.m; path = Controller/ViewController.m; sourceTree = "<group>"; };
		998249031B7DE99A00131A26 /* VKCPolygon.h */ = {isa = PBXFileReference; fileEncoding = 4; lastKnownFileType = sourcecode.c.h; path = VKCPolygon.h; sourceTree = "<group>"; };
		998249041B7DE99A00131A26 /* VKCPolygon.m */ = {isa = PBXFileReference; fileEncoding = 4; lastKnownFileType = sourcecode.c.objc; path = VKCPolygon.m; sourceTree = "<group>"; };
		998249061B7DF66A00131A26 /* VKCCity.h */ = {isa = PBXFileReference; fileEncoding = 4; lastKnownFileType = sourcecode.c.h; path = VKCCity.h; sourceTree = "<group>"; };
		998249071B7DF66A00131A26 /* VKCCity.m */ = {isa = PBXFileReference; fileEncoding = 4; lastKnownFileType = sourcecode.c.objc; path = VKCCity.m; sourceTree = "<group>"; };
		999182A71B8F90C100DE3FC0 /* VKCUserMapper.h */ = {isa = PBXFileReference; fileEncoding = 4; lastKnownFileType = sourcecode.c.h; name = VKCUserMapper.h; path = Mapper/ConcreteMapper/VKCUserMapper.h; sourceTree = "<group>"; };
		999182A81B8F90C100DE3FC0 /* VKCUserMapper.m */ = {isa = PBXFileReference; fileEncoding = 4; lastKnownFileType = sourcecode.c.objc; name = VKCUserMapper.m; path = Mapper/ConcreteMapper/VKCUserMapper.m; sourceTree = "<group>"; };
		9995DA7A1BAAD4FF00C1726F /* VkClientManagedObjectModel.xcdatamodel */ = {isa = PBXFileReference; lastKnownFileType = wrapper.xcdatamodel; path = VkClientManagedObjectModel.xcdatamodel; sourceTree = "<group>"; };
		9995DA7E1BAAF70200C1726F /* VKCCoreDataController.h */ = {isa = PBXFileReference; fileEncoding = 4; lastKnownFileType = sourcecode.c.h; path = VKCCoreDataController.h; sourceTree = "<group>"; };
		9995DA7F1BAAF70200C1726F /* VKCCoreDataController.m */ = {isa = PBXFileReference; fileEncoding = 4; lastKnownFileType = sourcecode.c.objc; path = VKCCoreDataController.m; sourceTree = "<group>"; };
		999A58B91B8EEEC000FC16B6 /* VKCMessage.h */ = {isa = PBXFileReference; fileEncoding = 4; lastKnownFileType = sourcecode.c.h; path = VKCMessage.h; sourceTree = "<group>"; };
		999A58BA1B8EEEC000FC16B6 /* VKCMessage.m */ = {isa = PBXFileReference; fileEncoding = 4; lastKnownFileType = sourcecode.c.objc; path = VKCMessage.m; sourceTree = "<group>"; };
		999DE1101B7E30BD00FF3912 /* VKCApi.h */ = {isa = PBXFileReference; fileEncoding = 4; lastKnownFileType = sourcecode.c.h; name = VKCApi.h; path = Api/VKCApi.h; sourceTree = "<group>"; };
		999DE1111B7E30BD00FF3912 /* VKCApi.m */ = {isa = PBXFileReference; fileEncoding = 4; lastKnownFileType = sourcecode.c.objc; name = VKCApi.m; path = Api/VKCApi.m; sourceTree = "<group>"; };
		999DE1171B7E5D7600FF3912 /* NSString+StringAdditions.h */ = {isa = PBXFileReference; fileEncoding = 4; lastKnownFileType = sourcecode.c.h; path = "NSString+StringAdditions.h"; sourceTree = "<group>"; };
		999DE1181B7E5D7600FF3912 /* NSString+StringAdditions.m */ = {isa = PBXFileReference; fileEncoding = 4; lastKnownFileType = sourcecode.c.objc; path = "NSString+StringAdditions.m"; sourceTree = "<group>"; };
		99C1EDB61B91BDC500D6AE5C /* VKCVKBatchMapper.h */ = {isa = PBXFileReference; fileEncoding = 4; lastKnownFileType = sourcecode.c.h; name = VKCVKBatchMapper.h; path = ../Mapper/VkIntermediateMapper/VKCVKBatchMapper.h; sourceTree = "<group>"; };
		99C1EDB71B91BDC500D6AE5C /* VKCVKBatchMapper.m */ = {isa = PBXFileReference; fileEncoding = 4; lastKnownFileType = sourcecode.c.objc; name = VKCVKBatchMapper.m; path = ../Mapper/VkIntermediateMapper/VKCVKBatchMapper.m; sourceTree = "<group>"; };
		99E53CC71B7CD4F3007F1231 /* VkClient.app */ = {isa = PBXFileReference; explicitFileType = wrapper.application; includeInIndex = 0; path = VkClient.app; sourceTree = BUILT_PRODUCTS_DIR; };
		99E53CCB1B7CD4F3007F1231 /* Info.plist */ = {isa = PBXFileReference; lastKnownFileType = text.plist.xml; path = Info.plist; sourceTree = "<group>"; };
		99E53CCC1B7CD4F3007F1231 /* main.m */ = {isa = PBXFileReference; lastKnownFileType = sourcecode.c.objc; path = main.m; sourceTree = "<group>"; };
		99E53CCE1B7CD4F3007F1231 /* VKCAppDelegate.h */ = {isa = PBXFileReference; lastKnownFileType = sourcecode.c.h; path = VKCAppDelegate.h; sourceTree = "<group>"; };
		99E53CCF1B7CD4F3007F1231 /* VKCAppDelegate.m */ = {isa = PBXFileReference; lastKnownFileType = sourcecode.c.objc; path = VKCAppDelegate.m; sourceTree = "<group>"; };
		99E53CD81B7CD4F3007F1231 /* Base */ = {isa = PBXFileReference; lastKnownFileType = file.storyboard; name = Base; path = Base.lproj/Main.storyboard; sourceTree = "<group>"; };
		99E53CDA1B7CD4F3007F1231 /* Images.xcassets */ = {isa = PBXFileReference; lastKnownFileType = folder.assetcatalog; name = Images.xcassets; path = Resource/Images.xcassets; sourceTree = "<group>"; };
		99E53CDD1B7CD4F3007F1231 /* Base */ = {isa = PBXFileReference; lastKnownFileType = file.xib; name = Base; path = Base.lproj/LaunchScreen.xib; sourceTree = "<group>"; };
		99E53CE31B7CD4F3007F1231 /* VkClientTests.xctest */ = {isa = PBXFileReference; explicitFileType = wrapper.cfbundle; includeInIndex = 0; path = VkClientTests.xctest; sourceTree = BUILT_PRODUCTS_DIR; };
		99E53CE81B7CD4F3007F1231 /* Info.plist */ = {isa = PBXFileReference; lastKnownFileType = text.plist.xml; path = Info.plist; sourceTree = "<group>"; };
		99E53CE91B7CD4F3007F1231 /* VkClientTests.m */ = {isa = PBXFileReference; lastKnownFileType = sourcecode.c.objc; path = VkClientTests.m; sourceTree = "<group>"; };
		99EF12F31B90CD3200FDFE9C /* VKCVKResponse.h */ = {isa = PBXFileReference; fileEncoding = 4; lastKnownFileType = sourcecode.c.h; path = VKCVKResponse.h; sourceTree = "<group>"; };
		99EF12F41B90CD3200FDFE9C /* VKCVKResponse.m */ = {isa = PBXFileReference; fileEncoding = 4; lastKnownFileType = sourcecode.c.objc; path = VKCVKResponse.m; sourceTree = "<group>"; };
		99EF12F61B90CE2800FDFE9C /* VKCVKResponseMapper.h */ = {isa = PBXFileReference; fileEncoding = 4; lastKnownFileType = sourcecode.c.h; name = VKCVKResponseMapper.h; path = ../Mapper/VkIntermediateMapper/VKCVKResponseMapper.h; sourceTree = "<group>"; };
		99EF12F71B90CE2800FDFE9C /* VKCVKResponseMapper.m */ = {isa = PBXFileReference; fileEncoding = 4; lastKnownFileType = sourcecode.c.objc; name = VKCVKResponseMapper.m; path = ../Mapper/VkIntermediateMapper/VKCVKResponseMapper.m; sourceTree = "<group>"; };
		99F873A21B89B4ED00BCD1A1 /* VKCDataSource.h */ = {isa = PBXFileReference; fileEncoding = 4; lastKnownFileType = sourcecode.c.h; name = VKCDataSource.h; path = Common/Data/VKCDataSource.h; sourceTree = "<group>"; };
		99F873A31B89B50700BCD1A1 /* VKCPlugin.h */ = {isa = PBXFileReference; fileEncoding = 4; lastKnownFileType = sourcecode.c.h; name = VKCPlugin.h; path = Common/Data/VKCPlugin.h; sourceTree = "<group>"; };
		99F873A61B89B61900BCD1A1 /* VKCProcessor.h */ = {isa = PBXFileReference; fileEncoding = 4; lastKnownFileType = sourcecode.c.h; name = VKCProcessor.h; path = Common/Data/VKCProcessor.h; sourceTree = "<group>"; };
		99F873A71B89B6EB00BCD1A1 /* VKCNetworkSource.h */ = {isa = PBXFileReference; fileEncoding = 4; lastKnownFileType = sourcecode.c.h; name = VKCNetworkSource.h; path = Source/VKCNetworkSource.h; sourceTree = "<group>"; };
		99F873A81B89B6EB00BCD1A1 /* VKCNetworkSource.m */ = {isa = PBXFileReference; fileEncoding = 4; lastKnownFileType = sourcecode.c.objc; name = VKCNetworkSource.m; path = Source/VKCNetworkSource.m; sourceTree = "<group>"; };
		99F873AE1B89D0C600BCD1A1 /* VKCFriendsProcessor.h */ = {isa = PBXFileReference; fileEncoding = 4; lastKnownFileType = sourcecode.c.h; name = VKCFriendsProcessor.h; path = Processor/VKCFriendsProcessor.h; sourceTree = "<group>"; };
		99F873AF1B89D0C600BCD1A1 /* VKCFriendsProcessor.m */ = {isa = PBXFileReference; fileEncoding = 4; lastKnownFileType = sourcecode.c.objc; name = VKCFriendsProcessor.m; path = Processor/VKCFriendsProcessor.m; sourceTree = "<group>"; };
		99F873B11B89D29400BCD1A1 /* VKCUser.h */ = {isa = PBXFileReference; fileEncoding = 4; lastKnownFileType = sourcecode.c.h; path = VKCUser.h; sourceTree = "<group>"; };
		99F873B21B89D29400BCD1A1 /* VKCUser.m */ = {isa = PBXFileReference; fileEncoding = 4; lastKnownFileType = sourcecode.c.objc; path = VKCUser.m; sourceTree = "<group>"; };
		99F93A431B8F3CCD00521F0F /* VKCMapper.h */ = {isa = PBXFileReference; fileEncoding = 4; lastKnownFileType = sourcecode.c.h; path = VKCMapper.h; sourceTree = "<group>"; };
		99F93A451B8F3E0900521F0F /* VKCObjectMapper.h */ = {isa = PBXFileReference; fileEncoding = 4; lastKnownFileType = sourcecode.c.h; path = VKCObjectMapper.h; sourceTree = "<group>"; };
		99F93A461B8F3E0900521F0F /* VKCObjectMapper.m */ = {isa = PBXFileReference; fileEncoding = 4; lastKnownFileType = sourcecode.c.objc; path = VKCObjectMapper.m; sourceTree = "<group>"; };
		99FF42841B9097C2006CBD62 /* VKCCredentials.h */ = {isa = PBXFileReference; fileEncoding = 4; lastKnownFileType = sourcecode.c.h; name = VKCCredentials.h; path = Api/VKCCredentials.h; sourceTree = "<group>"; };
		99FF42851B9097C2006CBD62 /* VKCCredentials.m */ = {isa = PBXFileReference; fileEncoding = 4; lastKnownFileType = sourcecode.c.objc; name = VKCCredentials.m; path = Api/VKCCredentials.m; sourceTree = "<group>"; };
		99FF42871B909B27006CBD62 /* VKCCredentialsUtil.h */ = {isa = PBXFileReference; fileEncoding = 4; lastKnownFileType = sourcecode.c.h; name = VKCCredentialsUtil.h; path = Util/VKCCredentialsUtil.h; sourceTree = "<group>"; };
		99FF42881B909B27006CBD62 /* VKCCredentialsUtil.m */ = {isa = PBXFileReference; fileEncoding = 4; lastKnownFileType = sourcecode.c.objc; name = VKCCredentialsUtil.m; path = Util/VKCCredentialsUtil.m; sourceTree = "<group>"; };
/* End PBXFileReference section */

/* Begin PBXFrameworksBuildPhase section */
		99E53CC41B7CD4F3007F1231 /* Frameworks */ = {
			isa = PBXFrameworksBuildPhase;
			buildActionMask = 2147483647;
			files = (
			);
			runOnlyForDeploymentPostprocessing = 0;
		};
		99E53CE01B7CD4F3007F1231 /* Frameworks */ = {
			isa = PBXFrameworksBuildPhase;
			buildActionMask = 2147483647;
			files = (
			);
			runOnlyForDeploymentPostprocessing = 0;
		};
/* End PBXFrameworksBuildPhase section */

/* Begin PBXGroup section */
		991E0E711B8224680047CC89 /* Recource */ = {
			isa = PBXGroup;
			children = (
				9995DA791BAAD4FF00C1726F /* VkClientManagedObjectModel.xcdatamodeld */,
				991E0E751B8255F40047CC89 /* Localizable.strings */,
				99E53CD71B7CD4F3007F1231 /* Main.storyboard */,
				99E53CDA1B7CD4F3007F1231 /* Images.xcassets */,
				99E53CDC1B7CD4F3007F1231 /* LaunchScreen.xib */,
			);
			name = Recource;
			sourceTree = "<group>";
		};
		9935ECE41BADA6C4001997C4 /* Cell */ = {
			isa = PBXGroup;
			children = (
				9935ECE51BADA724001997C4 /* VKCFriendCell.h */,
				9935ECE61BADA724001997C4 /* VKCFriendCell.m */,
			);
			name = Cell;
			sourceTree = "<group>";
		};
		9968C3ED1B7F7424004CF095 /* Common */ = {
			isa = PBXGroup;
			children = (
				99F873A01B89B44E00BCD1A1 /* Data */,
				9920ABB71B7FC57200A5A5EA /* VKCBlocks.h */,
				9968C3EE1B7F7456004CF095 /* VKCIdentifiable.h */,
				996966691B88FABB0092BCEA /* VKCWebKitMissingBase.h */,
				997515081B90676F001F8078 /* VKCSingleton.h */,
			);
			name = Common;
			sourceTree = "<group>";
		};
		997514F51B9051DE001F8078 /* ConcreteMapper */ = {
			isa = PBXGroup;
			children = (
				999182A71B8F90C100DE3FC0 /* VKCUserMapper.h */,
				999182A81B8F90C100DE3FC0 /* VKCUserMapper.m */,
			);
			name = ConcreteMapper;
			sourceTree = "<group>";
		};
		997514F91B9055F6001F8078 /* Base */ = {
			isa = PBXGroup;
			children = (
				9958CEAF1B8F54E000B34AA6 /* VKCArrayMapper.h */,
				9958CEB01B8F54E000B34AA6 /* VKCArrayMapper.m */,
				99F93A431B8F3CCD00521F0F /* VKCMapper.h */,
				997514F21B904B7F001F8078 /* VKCMapperItem.h */,
				997514F31B904B7F001F8078 /* VKCMapperItem.m */,
				99F93A451B8F3E0900521F0F /* VKCObjectMapper.h */,
				99F93A461B8F3E0900521F0F /* VKCObjectMapper.m */,
			);
			name = Base;
			path = Mapper/Base;
			sourceTree = "<group>";
		};
		997514FA1B90573E001F8078 /* VkIntermediateMapper */ = {
			isa = PBXGroup;
			children = (
				997514FB1B9058F6001F8078 /* VKCVKArrayWrapMapper.h */,
				997514FC1B9058F6001F8078 /* VKCVKArrayWrapMapper.m */,
				99EF12F61B90CE2800FDFE9C /* VKCVKResponseMapper.h */,
				99EF12F71B90CE2800FDFE9C /* VKCVKResponseMapper.m */,
				99C1EDB61B91BDC500D6AE5C /* VKCVKBatchMapper.h */,
				99C1EDB71B91BDC500D6AE5C /* VKCVKBatchMapper.m */,
			);
			name = VkIntermediateMapper;
			path = VkIntermediateModel;
			sourceTree = "<group>";
		};
		997515011B90615F001F8078 /* Util */ = {
			isa = PBXGroup;
			children = (
				997515021B906202001F8078 /* VKCJSONSerializationUtil.h */,
				997515031B906202001F8078 /* VKCJSONSerializationUtil.m */,
				99FF42871B909B27006CBD62 /* VKCCredentialsUtil.h */,
				99FF42881B909B27006CBD62 /* VKCCredentialsUtil.m */,
			);
			name = Util;
			sourceTree = "<group>";
		};
		998249021B7DD85300131A26 /* Controller */ = {
			isa = PBXGroup;
			children = (
				9935ECE41BADA6C4001997C4 /* Cell */,
				998248FF1B7DD82D00131A26 /* ViewController.h */,
				998249001B7DD82D00131A26 /* ViewController.m */,
				991A88581B80862300383566 /* VKCWebViewController.h */,
				991A88591B80862300383566 /* VKCWebViewController.m */,
				996966631B88EAD80092BCEA /* VKCFriendsTableViewController.h */,
				996966641B88EAD80092BCEA /* VKCFriendsTableViewController.m */,
				9935ECE81BADACDB001997C4 /* VKCOnlineFriendsTableViewController.h */,
				9935ECE91BADACDB001997C4 /* VKCOnlineFriendsTableViewController.m */,
			);
			name = Controller;
			sourceTree = "<group>";
		};
		9995DA7D1BAAF67600C1726F /* Model */ = {
			isa = PBXGroup;
			children = (
				998249061B7DF66A00131A26 /* VKCCity.h */,
				998249071B7DF66A00131A26 /* VKCCity.m */,
				999A58B91B8EEEC000FC16B6 /* VKCMessage.h */,
				999A58BA1B8EEEC000FC16B6 /* VKCMessage.m */,
				998249031B7DE99A00131A26 /* VKCPolygon.h */,
				998249041B7DE99A00131A26 /* VKCPolygon.m */,
				99F873B11B89D29400BCD1A1 /* VKCUser.h */,
				99F873B21B89D29400BCD1A1 /* VKCUser.m */,
			);
			path = Model;
			sourceTree = "<group>";
		};
		999DE10E1B7E309500FF3912 /* Api */ = {
			isa = PBXGroup;
			children = (
				999DE1101B7E30BD00FF3912 /* VKCApi.h */,
				999DE1111B7E30BD00FF3912 /* VKCApi.m */,
				990180021B8619CF0083A923 /* VKCCredentialsStorage.h */,
				990180031B8619CF0083A923 /* VKCCredentialsStorage.m */,
				997514F61B90544F001F8078 /* VKCJSONConstants.h */,
				997514F71B90544F001F8078 /* VKCJSONConstants.m */,
				99FF42841B9097C2006CBD62 /* VKCCredentials.h */,
				99FF42851B9097C2006CBD62 /* VKCCredentials.m */,
			);
			name = Api;
			sourceTree = "<group>";
		};
		999DE1131B7E5CFB00FF3912 /* Category */ = {
			isa = PBXGroup;
			children = (
				999DE1171B7E5D7600FF3912 /* NSString+StringAdditions.h */,
				999DE1181B7E5D7600FF3912 /* NSString+StringAdditions.m */,
				991602E51B9359970017DA1E /* UIImageView+ImageLoader.h */,
				991602E61B9359970017DA1E /* UIImageView+ImageLoader.m */,
				9935ECEB1BADE383001997C4 /* UIColor+Extensions.h */,
				9935ECEC1BADE383001997C4 /* UIColor+Extensions.m */,
			);
			path = Category;
			sourceTree = "<group>";
		};
		999FE6D61B7D1B600045EDB5 /* Application */ = {
			isa = PBXGroup;
			children = (
				99E53CCE1B7CD4F3007F1231 /* VKCAppDelegate.h */,
				99E53CCF1B7CD4F3007F1231 /* VKCAppDelegate.m */,
				99E53CCB1B7CD4F3007F1231 /* Info.plist */,
				99E53CCC1B7CD4F3007F1231 /* main.m */,
			);
			path = Application;
			sourceTree = "<group>";
		};
		999FE6D71B7D1BDD0045EDB5 /* View */ = {
			isa = PBXGroup;
			children = (
			);
			path = View;
			sourceTree = "<group>";
		};
		999FE6D81B7D1BF40045EDB5 /* Data */ = {
			isa = PBXGroup;
			children = (
				9995DA7D1BAAF67600C1726F /* Model */,
				99C1EDB51B91BB3900D6AE5C /* VkIntermediateModel */,
				99F93A441B8F3D7C00521F0F /* Mapper */,
				9995DA7E1BAAF70200C1726F /* VKCCoreDataController.h */,
				9995DA7F1BAAF70200C1726F /* VKCCoreDataController.m */,
				990D1AFF1BAC0F8000A77949 /* VKCModelController.h */,
				990D1B001BAC0F8000A77949 /* VKCModelController.m */,
			);
			path = Data;
			sourceTree = "<group>";
		};
		99C1EDB51B91BB3900D6AE5C /* VkIntermediateModel */ = {
			isa = PBXGroup;
			children = (
				997514FE1B9059FC001F8078 /* VKCVKArrayWrap.h */,
				997514FF1B9059FC001F8078 /* VKCVKArrayWrap.m */,
				99EF12F31B90CD3200FDFE9C /* VKCVKResponse.h */,
				99EF12F41B90CD3200FDFE9C /* VKCVKResponse.m */,
			);
			path = VkIntermediateModel;
			sourceTree = "<group>";
		};
		99E53CBE1B7CD4F3007F1231 = {
			isa = PBXGroup;
			children = (
				99E53CC81B7CD4F3007F1231 /* Products */,
				99E53CC91B7CD4F3007F1231 /* VkClient */,
				99E53CE61B7CD4F3007F1231 /* VkClientTests */,
			);
			sourceTree = "<group>";
		};
		99E53CC81B7CD4F3007F1231 /* Products */ = {
			isa = PBXGroup;
			children = (
				99E53CC71B7CD4F3007F1231 /* VkClient.app */,
				99E53CE31B7CD4F3007F1231 /* VkClientTests.xctest */,
			);
			name = Products;
			sourceTree = "<group>";
		};
		99E53CC91B7CD4F3007F1231 /* VkClient */ = {
			isa = PBXGroup;
			children = (
				997515011B90615F001F8078 /* Util */,
				99F873AD1B89D08200BCD1A1 /* Processor */,
				99F8739E1B89B05A00BCD1A1 /* Source */,
				991E0E711B8224680047CC89 /* Recource */,
				9968C3ED1B7F7424004CF095 /* Common */,
				999DE1131B7E5CFB00FF3912 /* Category */,
				999DE10E1B7E309500FF3912 /* Api */,
				998249021B7DD85300131A26 /* Controller */,
				999FE6D81B7D1BF40045EDB5 /* Data */,
				999FE6D71B7D1BDD0045EDB5 /* View */,
				999FE6D61B7D1B600045EDB5 /* Application */,
			);
			path = VkClient;
			sourceTree = "<group>";
		};
		99E53CE61B7CD4F3007F1231 /* VkClientTests */ = {
			isa = PBXGroup;
			children = (
				99E53CE91B7CD4F3007F1231 /* VkClientTests.m */,
				99E53CE71B7CD4F3007F1231 /* Supporting Files */,
			);
			path = VkClientTests;
			sourceTree = "<group>";
		};
		99E53CE71B7CD4F3007F1231 /* Supporting Files */ = {
			isa = PBXGroup;
			children = (
				99E53CE81B7CD4F3007F1231 /* Info.plist */,
			);
			name = "Supporting Files";
			sourceTree = "<group>";
		};
		99F8739E1B89B05A00BCD1A1 /* Source */ = {
			isa = PBXGroup;
			children = (
				99F873A71B89B6EB00BCD1A1 /* VKCNetworkSource.h */,
				99F873A81B89B6EB00BCD1A1 /* VKCNetworkSource.m */,
			);
			name = Source;
			sourceTree = "<group>";
		};
		99F873A01B89B44E00BCD1A1 /* Data */ = {
			isa = PBXGroup;
			children = (
				99F873A21B89B4ED00BCD1A1 /* VKCDataSource.h */,
				99F873A61B89B61900BCD1A1 /* VKCProcessor.h */,
				99F873A31B89B50700BCD1A1 /* VKCPlugin.h */,
				99572BE31B8C4A7800245156 /* VKCAsyncTask.h */,
				99572BE41B8C4A7800245156 /* VKCAsyncTask.m */,
				99572BE91B8C4BD700245156 /* VKCCallback.h */,
			);
			name = Data;
			sourceTree = "<group>";
		};
		99F873AD1B89D08200BCD1A1 /* Processor */ = {
			isa = PBXGroup;
			children = (
				99F873AE1B89D0C600BCD1A1 /* VKCFriendsProcessor.h */,
				99F873AF1B89D0C600BCD1A1 /* VKCFriendsProcessor.m */,
			);
			name = Processor;
			sourceTree = "<group>";
		};
		99F93A441B8F3D7C00521F0F /* Mapper */ = {
			isa = PBXGroup;
			children = (
				997514FA1B90573E001F8078 /* VkIntermediateMapper */,
				997514F91B9055F6001F8078 /* Base */,
				997514F51B9051DE001F8078 /* ConcreteMapper */,
			);
			name = Mapper;
			sourceTree = "<group>";
		};
/* End PBXGroup section */

/* Begin PBXNativeTarget section */
		99E53CC61B7CD4F3007F1231 /* VkClient */ = {
			isa = PBXNativeTarget;
			buildConfigurationList = 99E53CED1B7CD4F3007F1231 /* Build configuration list for PBXNativeTarget "VkClient" */;
			buildPhases = (
				99E53CC31B7CD4F3007F1231 /* Sources */,
				99E53CC41B7CD4F3007F1231 /* Frameworks */,
				99E53CC51B7CD4F3007F1231 /* Resources */,
			);
			buildRules = (
			);
			dependencies = (
			);
			name = VkClient;
			productName = VkClient;
			productReference = 99E53CC71B7CD4F3007F1231 /* VkClient.app */;
			productType = "com.apple.product-type.application";
		};
		99E53CE21B7CD4F3007F1231 /* VkClientTests */ = {
			isa = PBXNativeTarget;
			buildConfigurationList = 99E53CF01B7CD4F3007F1231 /* Build configuration list for PBXNativeTarget "VkClientTests" */;
			buildPhases = (
				99E53CDF1B7CD4F3007F1231 /* Sources */,
				99E53CE01B7CD4F3007F1231 /* Frameworks */,
				99E53CE11B7CD4F3007F1231 /* Resources */,
			);
			buildRules = (
			);
			dependencies = (
				99E53CE51B7CD4F3007F1231 /* PBXTargetDependency */,
			);
			name = VkClientTests;
			productName = VkClientTests;
			productReference = 99E53CE31B7CD4F3007F1231 /* VkClientTests.xctest */;
			productType = "com.apple.product-type.bundle.unit-test";
		};
/* End PBXNativeTarget section */

/* Begin PBXProject section */
		99E53CBF1B7CD4F3007F1231 /* Project object */ = {
			isa = PBXProject;
			attributes = {
				LastUpgradeCheck = 0640;
				ORGANIZATIONNAME = "Artsiom Kaliaha";
				TargetAttributes = {
					99E53CC61B7CD4F3007F1231 = {
						CreatedOnToolsVersion = 6.4;
					};
					99E53CE21B7CD4F3007F1231 = {
						CreatedOnToolsVersion = 6.4;
						TestTargetID = 99E53CC61B7CD4F3007F1231;
					};
				};
			};
			buildConfigurationList = 99E53CC21B7CD4F3007F1231 /* Build configuration list for PBXProject "VkClient" */;
			compatibilityVersion = "Xcode 3.2";
			developmentRegion = English;
			hasScannedForEncodings = 0;
			knownRegions = (
				en,
				Base,
			);
			mainGroup = 99E53CBE1B7CD4F3007F1231;
			productRefGroup = 99E53CC81B7CD4F3007F1231 /* Products */;
			projectDirPath = "";
			projectRoot = "";
			targets = (
				99E53CC61B7CD4F3007F1231 /* VkClient */,
				99E53CE21B7CD4F3007F1231 /* VkClientTests */,
			);
		};
/* End PBXProject section */

/* Begin PBXResourcesBuildPhase section */
		99E53CC51B7CD4F3007F1231 /* Resources */ = {
			isa = PBXResourcesBuildPhase;
			buildActionMask = 2147483647;
			files = (
				99E53CD91B7CD4F3007F1231 /* Main.storyboard in Resources */,
				991E0E761B8255F40047CC89 /* Localizable.strings in Resources */,
				99E53CDE1B7CD4F3007F1231 /* LaunchScreen.xib in Resources */,
				99E53CDB1B7CD4F3007F1231 /* Images.xcassets in Resources */,
			);
			runOnlyForDeploymentPostprocessing = 0;
		};
		99E53CE11B7CD4F3007F1231 /* Resources */ = {
			isa = PBXResourcesBuildPhase;
			buildActionMask = 2147483647;
			files = (
			);
			runOnlyForDeploymentPostprocessing = 0;
		};
/* End PBXResourcesBuildPhase section */

/* Begin PBXSourcesBuildPhase section */
		99E53CC31B7CD4F3007F1231 /* Sources */ = {
			isa = PBXSourcesBuildPhase;
			buildActionMask = 2147483647;
			files = (
				997514FD1B9058F6001F8078 /* VKCVKArrayWrapMapper.m in Sources */,
				990180041B8619CF0083A923 /* VKCCredentialsStorage.m in Sources */,
				99F873A91B89B6EB00BCD1A1 /* VKCNetworkSource.m in Sources */,
				998249051B7DE99A00131A26 /* VKCPolygon.m in Sources */,
				997514F81B90544F001F8078 /* VKCJSONConstants.m in Sources */,
				9958CEB11B8F54E000B34AA6 /* VKCArrayMapper.m in Sources */,
				9995DA7B1BAAD4FF00C1726F /* VkClientManagedObjectModel.xcdatamodeld in Sources */,
				99572BE51B8C4A7800245156 /* VKCAsyncTask.m in Sources */,
				990D1B011BAC0F8000A77949 /* VKCModelController.m in Sources */,
				9935ECED1BADE383001997C4 /* UIColor+Extensions.m in Sources */,
				9995DA801BAAF70200C1726F /* VKCCoreDataController.m in Sources */,
				99EF12F51B90CD3200FDFE9C /* VKCVKResponse.m in Sources */,
				999182A91B8F90C100DE3FC0 /* VKCUserMapper.m in Sources */,
				99E53CD01B7CD4F3007F1231 /* VKCAppDelegate.m in Sources */,
				99FF42891B909B27006CBD62 /* VKCCredentialsUtil.m in Sources */,
				997514F41B904B7F001F8078 /* VKCMapperItem.m in Sources */,
				998249081B7DF66A00131A26 /* VKCCity.m in Sources */,
				99EF12F81B90CE2800FDFE9C /* VKCVKResponseMapper.m in Sources */,
				99F93A471B8F3E0900521F0F /* VKCObjectMapper.m in Sources */,
				999DE1191B7E5D7600FF3912 /* NSString+StringAdditions.m in Sources */,
				997515001B9059FC001F8078 /* VKCVKArrayWrap.m in Sources */,
				999A58BB1B8EEEC000FC16B6 /* VKCMessage.m in Sources */,
				99F873B31B89D29400BCD1A1 /* VKCUser.m in Sources */,
				997515041B906202001F8078 /* VKCJSONSerializationUtil.m in Sources */,
				991A885A1B80862300383566 /* VKCWebViewController.m in Sources */,
				99FF42861B9097C2006CBD62 /* VKCCredentials.m in Sources */,
				99E53CCD1B7CD4F3007F1231 /* main.m in Sources */,
				9935ECE71BADA724001997C4 /* VKCFriendCell.m in Sources */,
				999DE1121B7E30BD00FF3912 /* VKCApi.m in Sources */,
				99C1EDB81B91BDC500D6AE5C /* VKCVKBatchMapper.m in Sources */,
				996966651B88EAD80092BCEA /* VKCFriendsTableViewController.m in Sources */,
				998249011B7DD82D00131A26 /* ViewController.m in Sources */,
				99F873B01B89D0C600BCD1A1 /* VKCFriendsProcessor.m in Sources */,
				991602E71B9359970017DA1E /* UIImageView+ImageLoader.m in Sources */,
				9935ECEA1BADACDB001997C4 /* VKCOnlineFriendsTableViewController.m in Sources */,
			);
			runOnlyForDeploymentPostprocessing = 0;
		};
		99E53CDF1B7CD4F3007F1231 /* Sources */ = {
			isa = PBXSourcesBuildPhase;
			buildActionMask = 2147483647;
			files = (
				99E53CEA1B7CD4F3007F1231 /* VkClientTests.m in Sources */,
			);
			runOnlyForDeploymentPostprocessing = 0;
		};
/* End PBXSourcesBuildPhase section */

/* Begin PBXTargetDependency section */
		99E53CE51B7CD4F3007F1231 /* PBXTargetDependency */ = {
			isa = PBXTargetDependency;
			target = 99E53CC61B7CD4F3007F1231 /* VkClient */;
			targetProxy = 99E53CE41B7CD4F3007F1231 /* PBXContainerItemProxy */;
		};
/* End PBXTargetDependency section */

/* Begin PBXVariantGroup section */
		99E53CD71B7CD4F3007F1231 /* Main.storyboard */ = {
			isa = PBXVariantGroup;
			children = (
				99E53CD81B7CD4F3007F1231 /* Base */,
			);
			name = Main.storyboard;
			path = Resource;
			sourceTree = "<group>";
		};
		99E53CDC1B7CD4F3007F1231 /* LaunchScreen.xib */ = {
			isa = PBXVariantGroup;
			children = (
				99E53CDD1B7CD4F3007F1231 /* Base */,
			);
			name = LaunchScreen.xib;
			path = Resource;
			sourceTree = "<group>";
		};
/* End PBXVariantGroup section */

/* Begin XCBuildConfiguration section */
		99E53CEB1B7CD4F3007F1231 /* Debug */ = {
			isa = XCBuildConfiguration;
			buildSettings = {
				ALWAYS_SEARCH_USER_PATHS = NO;
				CLANG_CXX_LANGUAGE_STANDARD = "gnu++0x";
				CLANG_CXX_LIBRARY = "libc++";
				CLANG_ENABLE_MODULES = YES;
				CLANG_ENABLE_OBJC_ARC = YES;
				CLANG_WARN_BOOL_CONVERSION = YES;
				CLANG_WARN_CONSTANT_CONVERSION = YES;
				CLANG_WARN_DIRECT_OBJC_ISA_USAGE = YES_ERROR;
				CLANG_WARN_EMPTY_BODY = YES;
				CLANG_WARN_ENUM_CONVERSION = YES;
				CLANG_WARN_INT_CONVERSION = YES;
				CLANG_WARN_OBJC_ROOT_CLASS = YES_ERROR;
				CLANG_WARN_UNREACHABLE_CODE = YES;
				CLANG_WARN__DUPLICATE_METHOD_MATCH = YES;
				"CODE_SIGN_IDENTITY[sdk=iphoneos*]" = "iPhone Developer";
				COPY_PHASE_STRIP = NO;
				DEBUG_INFORMATION_FORMAT = "dwarf-with-dsym";
				ENABLE_STRICT_OBJC_MSGSEND = YES;
				GCC_C_LANGUAGE_STANDARD = gnu99;
				GCC_DYNAMIC_NO_PIC = NO;
				GCC_NO_COMMON_BLOCKS = YES;
				GCC_OPTIMIZATION_LEVEL = 0;
				GCC_PREPROCESSOR_DEFINITIONS = (
					"DEBUG=1",
					"$(inherited)",
				);
				GCC_SYMBOLS_PRIVATE_EXTERN = NO;
				GCC_WARN_64_TO_32_BIT_CONVERSION = YES;
				GCC_WARN_ABOUT_RETURN_TYPE = YES_ERROR;
				GCC_WARN_UNDECLARED_SELECTOR = YES;
				GCC_WARN_UNINITIALIZED_AUTOS = YES_AGGRESSIVE;
				GCC_WARN_UNUSED_FUNCTION = YES;
				GCC_WARN_UNUSED_VARIABLE = YES;
				IPHONEOS_DEPLOYMENT_TARGET = 8.4;
				MTL_ENABLE_DEBUG_INFO = YES;
				ONLY_ACTIVE_ARCH = YES;
				SDKROOT = iphoneos;
				TARGETED_DEVICE_FAMILY = "1,2";
			};
			name = Debug;
		};
		99E53CEC1B7CD4F3007F1231 /* Release */ = {
			isa = XCBuildConfiguration;
			buildSettings = {
				ALWAYS_SEARCH_USER_PATHS = NO;
				CLANG_CXX_LANGUAGE_STANDARD = "gnu++0x";
				CLANG_CXX_LIBRARY = "libc++";
				CLANG_ENABLE_MODULES = YES;
				CLANG_ENABLE_OBJC_ARC = YES;
				CLANG_WARN_BOOL_CONVERSION = YES;
				CLANG_WARN_CONSTANT_CONVERSION = YES;
				CLANG_WARN_DIRECT_OBJC_ISA_USAGE = YES_ERROR;
				CLANG_WARN_EMPTY_BODY = YES;
				CLANG_WARN_ENUM_CONVERSION = YES;
				CLANG_WARN_INT_CONVERSION = YES;
				CLANG_WARN_OBJC_ROOT_CLASS = YES_ERROR;
				CLANG_WARN_UNREACHABLE_CODE = YES;
				CLANG_WARN__DUPLICATE_METHOD_MATCH = YES;
				"CODE_SIGN_IDENTITY[sdk=iphoneos*]" = "iPhone Developer";
				COPY_PHASE_STRIP = NO;
				DEBUG_INFORMATION_FORMAT = "dwarf-with-dsym";
				ENABLE_NS_ASSERTIONS = NO;
				ENABLE_STRICT_OBJC_MSGSEND = YES;
				GCC_C_LANGUAGE_STANDARD = gnu99;
				GCC_NO_COMMON_BLOCKS = YES;
				GCC_WARN_64_TO_32_BIT_CONVERSION = YES;
				GCC_WARN_ABOUT_RETURN_TYPE = YES_ERROR;
				GCC_WARN_UNDECLARED_SELECTOR = YES;
				GCC_WARN_UNINITIALIZED_AUTOS = YES_AGGRESSIVE;
				GCC_WARN_UNUSED_FUNCTION = YES;
				GCC_WARN_UNUSED_VARIABLE = YES;
				IPHONEOS_DEPLOYMENT_TARGET = 8.4;
				MTL_ENABLE_DEBUG_INFO = NO;
				SDKROOT = iphoneos;
				TARGETED_DEVICE_FAMILY = "1,2";
				VALIDATE_PRODUCT = YES;
			};
			name = Release;
		};
		99E53CEE1B7CD4F3007F1231 /* Debug */ = {
			isa = XCBuildConfiguration;
			buildSettings = {
				ASSETCATALOG_COMPILER_APPICON_NAME = AppIcon;
				CLANG_STATIC_ANALYZER_MODE = deep;
				INFOPLIST_FILE = VkClient/Application/Info.plist;
				LD_RUNPATH_SEARCH_PATHS = "$(inherited) @executable_path/Frameworks";
				PRODUCT_NAME = "$(TARGET_NAME)";
				RUN_CLANG_STATIC_ANALYZER = YES;
			};
			name = Debug;
		};
		99E53CEF1B7CD4F3007F1231 /* Release */ = {
			isa = XCBuildConfiguration;
			buildSettings = {
				ASSETCATALOG_COMPILER_APPICON_NAME = AppIcon;
				CLANG_STATIC_ANALYZER_MODE = deep;
				INFOPLIST_FILE = VkClient/Application/Info.plist;
				LD_RUNPATH_SEARCH_PATHS = "$(inherited) @executable_path/Frameworks";
				PRODUCT_NAME = "$(TARGET_NAME)";
				RUN_CLANG_STATIC_ANALYZER = YES;
			};
			name = Release;
		};
		99E53CF11B7CD4F3007F1231 /* Debug */ = {
			isa = XCBuildConfiguration;
			buildSettings = {
				BUNDLE_LOADER = "$(TEST_HOST)";
				FRAMEWORK_SEARCH_PATHS = (
					"$(SDKROOT)/Developer/Library/Frameworks",
					"$(inherited)",
				);
				GCC_PREPROCESSOR_DEFINITIONS = (
					"DEBUG=1",
					"$(inherited)",
				);
				INFOPLIST_FILE = VkClientTests/Info.plist;
				LD_RUNPATH_SEARCH_PATHS = "$(inherited) @executable_path/Frameworks @loader_path/Frameworks";
				PRODUCT_NAME = "$(TARGET_NAME)";
				TEST_HOST = "$(BUILT_PRODUCTS_DIR)/VkClient.app/VkClient";
			};
			name = Debug;
		};
		99E53CF21B7CD4F3007F1231 /* Release */ = {
			isa = XCBuildConfiguration;
			buildSettings = {
				BUNDLE_LOADER = "$(TEST_HOST)";
				FRAMEWORK_SEARCH_PATHS = (
					"$(SDKROOT)/Developer/Library/Frameworks",
					"$(inherited)",
				);
				INFOPLIST_FILE = VkClientTests/Info.plist;
				LD_RUNPATH_SEARCH_PATHS = "$(inherited) @executable_path/Frameworks @loader_path/Frameworks";
				PRODUCT_NAME = "$(TARGET_NAME)";
				TEST_HOST = "$(BUILT_PRODUCTS_DIR)/VkClient.app/VkClient";
			};
			name = Release;
		};
/* End XCBuildConfiguration section */

/* Begin XCConfigurationList section */
		99E53CC21B7CD4F3007F1231 /* Build configuration list for PBXProject "VkClient" */ = {
			isa = XCConfigurationList;
			buildConfigurations = (
				99E53CEB1B7CD4F3007F1231 /* Debug */,
				99E53CEC1B7CD4F3007F1231 /* Release */,
			);
			defaultConfigurationIsVisible = 0;
			defaultConfigurationName = Release;
		};
		99E53CED1B7CD4F3007F1231 /* Build configuration list for PBXNativeTarget "VkClient" */ = {
			isa = XCConfigurationList;
			buildConfigurations = (
				99E53CEE1B7CD4F3007F1231 /* Debug */,
				99E53CEF1B7CD4F3007F1231 /* Release */,
			);
			defaultConfigurationIsVisible = 0;
			defaultConfigurationName = Release;
		};
		99E53CF01B7CD4F3007F1231 /* Build configuration list for PBXNativeTarget "VkClientTests" */ = {
			isa = XCConfigurationList;
			buildConfigurations = (
				99E53CF11B7CD4F3007F1231 /* Debug */,
				99E53CF21B7CD4F3007F1231 /* Release */,
			);
			defaultConfigurationIsVisible = 0;
			defaultConfigurationName = Release;
		};
/* End XCConfigurationList section */

/* Begin XCVersionGroup section */
		9995DA791BAAD4FF00C1726F /* VkClientManagedObjectModel.xcdatamodeld */ = {
			isa = XCVersionGroup;
			children = (
				9995DA7A1BAAD4FF00C1726F /* VkClientManagedObjectModel.xcdatamodel */,
			);
			currentVersion = 9995DA7A1BAAD4FF00C1726F /* VkClientManagedObjectModel.xcdatamodel */;
			name = VkClientManagedObjectModel.xcdatamodeld;
			path = Resource/VkClientManagedObjectModel.xcdatamodeld;
			sourceTree = "<group>";
			versionGroupType = wrapper.xcdatamodel;
		};
/* End XCVersionGroup section */
	};
	rootObject = 99E53CBF1B7CD4F3007F1231 /* Project object */;
}
